
Microsoft Visual Studio Solution File, Format Version 12.00
# Visual Studio Version 16
VisualStudioVersion = 16.0.30907.101
MinimumVisualStudioVersion = 10.0.40219.1
Project("{FAE04EC0-301F-11D3-BF4B-00C04F79EFBC}") = "ADIM", "ADIM.csproj", "{1EB1AA2D-C4A7-477E-93A4-E1C26C152124}"
EndProject
Global
	GlobalSection(SolutionConfigurationPlatforms) = preSolution
		Debug|Any CPU = Debug|Any CPU
		Release|Any CPU = Release|Any CPU
	EndGlobalSection
	GlobalSection(ProjectConfigurationPlatforms) = postSolution
		{1EB1AA2D-C4A7-477E-93A4-E1C26C152124}.Debug|Any CPU.ActiveCfg = Debug|Any CPU
		{1EB1AA2D-C4A7-477E-93A4-E1C26C152124}.Debug|Any CPU.Build.0 = Debug|Any CPU
		{1EB1AA2D-C4A7-477E-93A4-E1C26C152124}.Release|Any CPU.ActiveCfg = Release|Any CPU
		{1EB1AA2D-C4A7-477E-93A4-E1C26C152124}.Release|Any CPU.Build.0 = Release|Any CPU
	EndGlobalSection
	GlobalSection(SolutionProperties) = preSolution
		HideSolutionNode = FALSE
	EndGlobalSection
	GlobalSection(ExtensibilityGlobals) = postSolution
		SolutionGuid = {7564522A-32D1-434D-8284-5C5ACFE2A204}
	EndGlobalSection
EndGlobal
